lockfileVersion: "6.0"

dependencies:
    "@reduxjs/toolkit":
        specifier: ^1.9.5
        version: 1.9.5(react-redux@8.0.5)(react@18.2.0)
    "@types/node":
        specifier: 20.1.7
        version: 20.1.7
    "@types/react":
        specifier: 18.2.6
        version: 18.2.6
    "@types/react-dom":
        specifier: 18.2.4
        version: 18.2.4
    dotenv:
        specifier: ^16.0.3
        version: 16.0.3
    ethers:
        specifier: ^6.3.0
        version: 6.3.0
    mongoose:
        specifier: ^7.1.1
        version: 7.1.1
    next:
        specifier: 13.4.2
        version: 13.4.2(react-dom@18.2.0)(react@18.2.0)
    react:
        specifier: 18.2.0
        version: 18.2.0
    react-dom:
        specifier: 18.2.0
        version: 18.2.0(react@18.2.0)
    react-redux:
        specifier: ^8.0.5
        version: 8.0.5(@types/react-dom@18.2.4)(@types/react@18.2.6)(react-dom@18.2.0)(react@18.2.0)(redux@4.2.1)
    typescript:
        specifier: 5.0.4
        version: 5.0.4

packages:
    /@adraffy/ens-normalize@1.9.0:
        resolution:
            {
                integrity: sha512-iowxq3U30sghZotgl4s/oJRci6WPBfNO5YYgk2cIOMCHr3LeGPcsZjCEr+33Q4N+oV3OABDAtA+pyvWjbvBifQ==,
            }
        dev: false

    /@babel/runtime@7.21.5:
        resolution:
            {
                integrity: sha512-8jI69toZqqcsnqGGqwGS4Qb1VwLOEp4hz+CXPywcvjs60u3B4Pom/U/7rm4W8tMOYEB+E9wgD0mW1l3r8qlI9Q==,
            }
        engines: { node: ">=6.9.0" }
        dependencies:
            regenerator-runtime: 0.13.11
        dev: false

    /@next/env@13.4.2:
        resolution:
            {
                integrity: sha512-Wqvo7lDeS0KGwtwg9TT9wKQ8raelmUxt+TQKWvG/xKfcmDXNOtCuaszcfCF8JzlBG1q0VhpI6CKaRMbVPMDWgw==,
            }
        dev: false

    /@next/swc-darwin-arm64@13.4.2:
        resolution:
            {
                integrity: sha512-6BBlqGu3ewgJflv9iLCwO1v1hqlecaIH2AotpKfVUEzUxuuDNJQZ2a4KLb4MBl8T9/vca1YuWhSqtbF6ZuUJJw==,
            }
        engines: { node: ">= 10" }
        cpu: [arm64]
        os: [darwin]
        requiresBuild: true
        dev: false
        optional: true

    /@next/swc-darwin-x64@13.4.2:
        resolution:
            {
                integrity: sha512-iZuYr7ZvGLPjPmfhhMl0ISm+z8EiyLBC1bLyFwGBxkWmPXqdJ60mzuTaDSr5WezDwv0fz32HB7JHmRC6JVHSZg==,
            }
        engines: { node: ">= 10" }
        cpu: [x64]
        os: [darwin]
        requiresBuild: true
        dev: false
        optional: true

    /@next/swc-linux-arm64-gnu@13.4.2:
        resolution:
            {
                integrity: sha512-2xVabFtIge6BJTcJrW8YuUnYTuQjh4jEuRuS2mscyNVOj6zUZkom3CQg+egKOoS+zh2rrro66ffSKIS+ztFJTg==,
            }
        engines: { node: ">= 10" }
        cpu: [arm64]
        os: [linux]
        requiresBuild: true
        dev: false
        optional: true

    /@next/swc-linux-arm64-musl@13.4.2:
        resolution:
            {
                integrity: sha512-wKRCQ27xCUJx5d6IivfjYGq8oVngqIhlhSAJntgXLt7Uo9sRT/3EppMHqUZRfyuNBTbykEre1s5166z+pvRB5A==,
            }
        engines: { node: ">= 10" }
        cpu: [arm64]
        os: [linux]
        requiresBuild: true
        dev: false
        optional: true

    /@next/swc-linux-x64-gnu@13.4.2:
        resolution:
            {
                integrity: sha512-NpCa+UVhhuNeaFVUP1Bftm0uqtvLWq2JTm7+Ta48+2Uqj2mNXrDIvyn1DY/ZEfmW/1yvGBRaUAv9zkMkMRixQA==,
            }
        engines: { node: ">= 10" }
        cpu: [x64]
        os: [linux]
        requiresBuild: true
        dev: false
        optional: true

    /@next/swc-linux-x64-musl@13.4.2:
        resolution:
            {
                integrity: sha512-ZWVC72x0lW4aj44e3khvBrj2oSYj1bD0jESmyah3zG/3DplEy/FOtYkMzbMjHTdDSheso7zH8GIlW6CDQnKhmQ==,
            }
        engines: { node: ">= 10" }
        cpu: [x64]
        os: [linux]
        requiresBuild: true
        dev: false
        optional: true

    /@next/swc-win32-arm64-msvc@13.4.2:
        resolution:
            {
                integrity: sha512-pLT+OWYpzJig5K4VKhLttlIfBcVZfr2+Xbjra0Tjs83NQSkFS+y7xx+YhCwvpEmXYLIvaggj2ONPyjbiigOvHQ==,
            }
        engines: { node: ">= 10" }
        cpu: [arm64]
        os: [win32]
        requiresBuild: true
        dev: false
        optional: true

    /@next/swc-win32-ia32-msvc@13.4.2:
        resolution:
            {
                integrity: sha512-dhpiksQCyGca4WY0fJyzK3FxMDFoqMb0Cn+uDB+9GYjpU2K5//UGPQlCwiK4JHxuhg8oLMag5Nf3/IPSJNG8jw==,
            }
        engines: { node: ">= 10" }
        cpu: [ia32]
        os: [win32]
        requiresBuild: true
        dev: false
        optional: true

    /@next/swc-win32-x64-msvc@13.4.2:
        resolution:
            {
                integrity: sha512-O7bort1Vld00cu8g0jHZq3cbSTUNMohOEvYqsqE10+yfohhdPHzvzO+ziJRz4Dyyr/fYKREwS7gR4JC0soSOMw==,
            }
        engines: { node: ">= 10" }
        cpu: [x64]
        os: [win32]
        requiresBuild: true
        dev: false
        optional: true

    /@noble/hashes@1.1.2:
        resolution:
            {
                integrity: sha512-KYRCASVTv6aeUi1tsF8/vpyR7zpfs3FUzy2Jqm+MU+LmUKhQ0y2FpfwqkCcxSg2ua4GALJd8k2R76WxwZGbQpA==,
            }
        dev: false

    /@noble/secp256k1@1.7.1:
        resolution:
            {
                integrity: sha512-hOUk6AyBFmqVrv7k5WAw/LpszxVbj9gGN4JRkIX52fdFAj1UA61KXmZDvqVEm+pOyec3+fIeZB02LYa/pWOArw==,
            }
        dev: false

    /@reduxjs/toolkit@1.9.5(react-redux@8.0.5)(react@18.2.0):
        resolution:
            {
                integrity: sha512-Rt97jHmfTeaxL4swLRNPD/zV4OxTes4la07Xc4hetpUW/vc75t5m1ANyxG6ymnEQ2FsLQsoMlYB2vV1sO3m8tQ==,
            }
        peerDependencies:
            react: ^16.9.0 || ^17.0.0 || ^18
            react-redux: ^7.2.1 || ^8.0.2
        peerDependenciesMeta:
            react:
                optional: true
            react-redux:
                optional: true
        dependencies:
            immer: 9.0.21
            react: 18.2.0
            react-redux: 8.0.5(@types/react-dom@18.2.4)(@types/react@18.2.6)(react-dom@18.2.0)(react@18.2.0)(redux@4.2.1)
            redux: 4.2.1
            redux-thunk: 2.4.2(redux@4.2.1)
            reselect: 4.1.8
        dev: false

    /@swc/helpers@0.5.1:
        resolution:
            {
                integrity: sha512-sJ902EfIzn1Fa+qYmjdQqh8tPsoxyBz+8yBKC2HKUxyezKJFwPGOn7pv4WY6QuQW//ySQi5lJjA/ZT9sNWWNTg==,
            }
        dependencies:
            tslib: 2.5.0
        dev: false

    /@types/hoist-non-react-statics@3.3.1:
        resolution:
            {
                integrity: sha512-iMIqiko6ooLrTh1joXodJK5X9xeEALT1kM5G3ZLhD3hszxBdIEd5C75U834D9mLcINgD4OyZf5uQXjkuYydWvA==,
            }
        dependencies:
            "@types/react": 18.2.6
            hoist-non-react-statics: 3.3.2
        dev: false

    /@types/node@20.1.7:
        resolution:
            {
                integrity: sha512-WCuw/o4GSwDGMoonES8rcvwsig77dGCMbZDrZr2x4ZZiNW4P/gcoZXe/0twgtobcTkmg9TuKflxYL/DuwDyJzg==,
            }
        dev: false

    /@types/prop-types@15.7.5:
        resolution:
            {
                integrity: sha512-JCB8C6SnDoQf0cNycqd/35A7MjcnK+ZTqE7judS6o7utxUCg6imJg3QK2qzHKszlTjcj2cn+NwMB2i96ubpj7w==,
            }
        dev: false

    /@types/react-dom@18.2.4:
        resolution:
            {
                integrity: sha512-G2mHoTMTL4yoydITgOGwWdWMVd8sNgyEP85xVmMKAPUBwQWm9wBPQUmvbeF4V3WBY1P7mmL4BkjQ0SqUpf1snw==,
            }
        dependencies:
            "@types/react": 18.2.6
        dev: false

    /@types/react@18.2.6:
        resolution:
            {
                integrity: sha512-wRZClXn//zxCFW+ye/D2qY65UsYP1Fpex2YXorHc8awoNamkMZSvBxwxdYVInsHOZZd2Ppq8isnSzJL5Mpf8OA==,
            }
        dependencies:
            "@types/prop-types": 15.7.5
            "@types/scheduler": 0.16.3
            csstype: 3.1.2
        dev: false

    /@types/scheduler@0.16.3:
        resolution:
            {
                integrity: sha512-5cJ8CB4yAx7BH1oMvdU0Jh9lrEXyPkar6F9G/ERswkCuvP4KQZfZkSjcMbAICCpQTN4OuZn8tz0HiKv9TGZgrQ==,
            }
        dev: false

    /@types/use-sync-external-store@0.0.3:
        resolution:
            {
                integrity: sha512-EwmlvuaxPNej9+T4v5AuBPJa2x2UOJVdjCtDHgcDqitUeOtjnJKJ+apYjVcAoBEMjKW1VVFGZLUb5+qqa09XFA==,
            }
        dev: false

    /@types/webidl-conversions@7.0.0:
        resolution:
            {
                integrity: sha512-xTE1E+YF4aWPJJeUzaZI5DRntlkY3+BCVJi0axFptnjGmAoWxkyREIh/XMrfxVLejwQxMCfDXdICo0VLxThrog==,
            }
        dev: false

    /@types/whatwg-url@8.2.2:
        resolution:
            {
                integrity: sha512-FtQu10RWgn3D9U4aazdwIE2yzphmTJREDqNdODHrbrZmmMqI0vMheC/6NE/J1Yveaj8H+ela+YwWTjq5PGmuhA==,
            }
        dependencies:
            "@types/node": 20.1.7
            "@types/webidl-conversions": 7.0.0
        dev: false

    /aes-js@4.0.0-beta.3:
        resolution:
            {
                integrity: sha512-/xJX0/VTPcbc5xQE2VUP91y1xN8q/rDfhEzLm+vLc3hYvb5+qHCnpJRuFcrKn63zumK/sCwYYzhG8HP78JYSTA==,
            }
        dev: false

    /bson@5.3.0:
        resolution:
            {
                integrity: sha512-ukmCZMneMlaC5ebPHXIkP8YJzNl5DC41N5MAIvKDqLggdao342t4McltoJBQfQya/nHBWAcSsYRqlXPoQkTJag==,
            }
        engines: { node: ">=14.20.1" }
        dev: false

    /busboy@1.6.0:
        resolution:
            {
                integrity: sha512-8SFQbg/0hQ9xy3UNTB0YEnsNBbWfhf7RtnzpL7TkBiTBRfrQ9Fxcnz7VJsleJpyp6rVLvXiuORqjlHi5q+PYuA==,
            }
        engines: { node: ">=10.16.0" }
        dependencies:
            streamsearch: 1.1.0
        dev: false

    /caniuse-lite@1.0.30001488:
        resolution:
            {
                integrity: sha512-NORIQuuL4xGpIy6iCCQGN4iFjlBXtfKWIenlUuyZJumLRIindLb7wXM+GO8erEhb7vXfcnf4BAg2PrSDN5TNLQ==,
            }
        dev: false

    /client-only@0.0.1:
        resolution:
            {
                integrity: sha512-IV3Ou0jSMzZrd3pZ48nLkT9DA7Ag1pnPzaiQhpW7c3RbcqqzvzzVu+L8gfqMp/8IM2MQtSiqaCxrrcfu8I8rMA==,
            }
        dev: false

    /csstype@3.1.2:
        resolution:
            {
                integrity: sha512-I7K1Uu0MBPzaFKg4nI5Q7Vs2t+3gWWW648spaF+Rg7pI9ds18Ugn+lvg4SHczUdKlHI5LWBXyqfS8+DufyBsgQ==,
            }
        dev: false

    /debug@4.3.4:
        resolution:
            {
                integrity: sha512-PRWFHuSU3eDtQJPvnNY7Jcket1j0t5OuOsFzPPzsekD52Zl8qUfFIPEiswXqIvHWGVHOgX+7G/vCNNhehwxfkQ==,
            }
        engines: { node: ">=6.0" }
        peerDependencies:
            supports-color: "*"
        peerDependenciesMeta:
            supports-color:
                optional: true
        dependencies:
            ms: 2.1.2
        dev: false

    /dotenv@16.0.3:
        resolution:
            {
                integrity: sha512-7GO6HghkA5fYG9TYnNxi14/7K9f5occMlp3zXAuSxn7CKCxt9xbNWG7yF8hTCSUchlfWSe3uLmlPfigevRItzQ==,
            }
        engines: { node: ">=12" }
        dev: false

    /ethers@6.3.0:
        resolution:
            {
                integrity: sha512-CKFYvTne1YT4S1glTiu7TgGsj0t6c6GAD7evrIk8zbeUb6nK8dcUPAiAWM8uDX/1NmRTvLM9+1Vnn49hwKtEzw==,
            }
        engines: { node: ">=14.0.0" }
        dependencies:
            "@adraffy/ens-normalize": 1.9.0
            "@noble/hashes": 1.1.2
            "@noble/secp256k1": 1.7.1
            aes-js: 4.0.0-beta.3
            tslib: 2.4.0
            ws: 8.5.0
        transitivePeerDependencies:
            - bufferutil
            - utf-8-validate
        dev: false

    /hoist-non-react-statics@3.3.2:
        resolution:
            {
                integrity: sha512-/gGivxi8JPKWNm/W0jSmzcMPpfpPLc3dY/6GxhX2hQ9iGj3aDfklV4ET7NjKpSinLpJ5vafa9iiGIEZg10SfBw==,
            }
        dependencies:
            react-is: 16.13.1
        dev: false

    /immer@9.0.21:
        resolution:
            {
                integrity: sha512-bc4NBHqOqSfRW7POMkHd51LvClaeMXpm8dx0e8oE2GORbq5aRK7Bxl4FyzVLdGtLmvLKL7BTDBG5ACQm4HWjTA==,
            }
        dev: false

    /ip@2.0.0:
        resolution:
            {
                integrity: sha512-WKa+XuLG1A1R0UWhl2+1XQSi+fZWMsYKffMZTTYsiZaUD8k2yDAj5atimTUD2TZkyCkNEeYE5NhFZmupOGtjYQ==,
            }
        dev: false

    /js-tokens@4.0.0:
        resolution:
            {
                integrity: sha512-RdJUflcE3cUzKiMqQgsCu06FPu9UdIJO0beYbPhHN4k6apgJtifcoCtT9bcxOpYBtpD2kCM6Sbzg4CausW/PKQ==,
            }
        dev: false

    /kareem@2.5.1:
        resolution:
            {
                integrity: sha512-7jFxRVm+jD+rkq3kY0iZDJfsO2/t4BBPeEb2qKn2lR/9KhuksYk5hxzfRYWMPV8P/x2d0kHD306YyWLzjjH+uA==,
            }
        engines: { node: ">=12.0.0" }
        dev: false

    /loose-envify@1.4.0:
        resolution:
            {
                integrity: sha512-lyuxPGr/Wfhrlem2CL/UcnUc1zcqKAImBDzukY7Y5F/yQiNdko6+fRLevlw1HgMySw7f611UIY408EtxRSoK3Q==,
            }
        hasBin: true
        dependencies:
            js-tokens: 4.0.0
        dev: false

    /memory-pager@1.5.0:
        resolution:
            {
                integrity: sha512-ZS4Bp4r/Zoeq6+NLJpP+0Zzm0pR8whtGPf1XExKLJBAczGMnSi3It14OiNCStjQjM6NU1okjQGSxgEZN8eBYKg==,
            }
        dev: false
        optional: true

    /mongodb-connection-string-url@2.6.0:
        resolution:
            {
                integrity: sha512-WvTZlI9ab0QYtTYnuMLgobULWhokRjtC7db9LtcVfJ+Hsnyr5eo6ZtNAt3Ly24XZScGMelOcGtm7lSn0332tPQ==,
            }
        dependencies:
            "@types/whatwg-url": 8.2.2
            whatwg-url: 11.0.0
        dev: false

    /mongodb@5.3.0:
        resolution:
            {
                integrity: sha512-Wy/sbahguL8c3TXQWXmuBabiLD+iVmz+tOgQf+FwkCjhUIorqbAxRbbz00g4ZoN4sXIPwpAlTANMaGRjGGTikQ==,
            }
        engines: { node: ">=14.20.1" }
        peerDependencies:
            "@aws-sdk/credential-providers": ^3.201.0
            mongodb-client-encryption: ">=2.3.0 <3"
            snappy: ^7.2.2
        peerDependenciesMeta:
            "@aws-sdk/credential-providers":
                optional: true
            mongodb-client-encryption:
                optional: true
            snappy:
                optional: true
        dependencies:
            bson: 5.3.0
            mongodb-connection-string-url: 2.6.0
            socks: 2.7.1
        optionalDependencies:
            saslprep: 1.0.3
        dev: false

    /mongoose@7.1.1:
        resolution:
            {
                integrity: sha512-AIxaWwGY+td7QOMk4NgK6fbRuGovFyDzv65nU1uj1DsUh3lpjfP3iFYHSR+sUKrs7nbp19ksLlRXkmInBteSCA==,
            }
        engines: { node: ">=14.0.0" }
        dependencies:
            bson: 5.3.0
            kareem: 2.5.1
            mongodb: 5.3.0
            mpath: 0.9.0
            mquery: 5.0.0
            ms: 2.1.3
            sift: 16.0.1
        transitivePeerDependencies:
            - "@aws-sdk/credential-providers"
            - mongodb-client-encryption
            - snappy
            - supports-color
        dev: false

    /mpath@0.9.0:
        resolution:
            {
                integrity: sha512-ikJRQTk8hw5DEoFVxHG1Gn9T/xcjtdnOKIU1JTmGjZZlg9LST2mBLmcX3/ICIbgJydT2GOc15RnNy5mHmzfSew==,
            }
        engines: { node: ">=4.0.0" }
        dev: false

    /mquery@5.0.0:
        resolution:
            {
                integrity: sha512-iQMncpmEK8R8ncT8HJGsGc9Dsp8xcgYMVSbs5jgnm1lFHTZqMJTUWTDx1LBO8+mK3tPNZWFLBghQEIOULSTHZg==,
            }
        engines: { node: ">=14.0.0" }
        dependencies:
            debug: 4.3.4
        transitivePeerDependencies:
            - supports-color
        dev: false

    /ms@2.1.2:
        resolution:
            {
                integrity: sha512-sGkPx+VjMtmA6MX27oA4FBFELFCZZ4S4XqeGOXCv68tT+jb3vk/RyaKWP0PTKyWtmLSM0b+adUTEvbs1PEaH2w==,
            }
        dev: false

    /ms@2.1.3:
        resolution:
            {
                integrity: sha512-6FlzubTLZG3J2a/NVCAleEhjzq5oxgHyaCU9yYXvcLsvoVaHJq/s5xXI6/XXP6tz7R9xAOtHnSO/tXtF3WRTlA==,
            }
        dev: false

    /nanoid@3.3.6:
        resolution:
            {
                integrity: sha512-BGcqMMJuToF7i1rt+2PWSNVnWIkGCU78jBG3RxO/bZlnZPK2Cmi2QaffxGO/2RvWi9sL+FAiRiXMgsyxQ1DIDA==,
            }
        engines: { node: ^10 || ^12 || ^13.7 || ^14 || >=15.0.1 }
        hasBin: true
        dev: false

    /next@13.4.2(react-dom@18.2.0)(react@18.2.0):
        resolution:
            {
                integrity: sha512-aNFqLs3a3nTGvLWlO9SUhCuMUHVPSFQC0+tDNGAsDXqx+WJDFSbvc233gOJ5H19SBc7nw36A9LwQepOJ2u/8Kg==,
            }
        engines: { node: ">=16.8.0" }
        hasBin: true
        peerDependencies:
            "@opentelemetry/api": ^1.1.0
            fibers: ">= 3.1.0"
            node-sass: ^6.0.0 || ^7.0.0
            react: ^18.2.0
            react-dom: ^18.2.0
            sass: ^1.3.0
        peerDependenciesMeta:
            "@opentelemetry/api":
                optional: true
            fibers:
                optional: true
            node-sass:
                optional: true
            sass:
                optional: true
        dependencies:
            "@next/env": 13.4.2
            "@swc/helpers": 0.5.1
            busboy: 1.6.0
            caniuse-lite: 1.0.30001488
            postcss: 8.4.14
            react: 18.2.0
            react-dom: 18.2.0(react@18.2.0)
            styled-jsx: 5.1.1(react@18.2.0)
            zod: 3.21.4
        optionalDependencies:
            "@next/swc-darwin-arm64": 13.4.2
            "@next/swc-darwin-x64": 13.4.2
            "@next/swc-linux-arm64-gnu": 13.4.2
            "@next/swc-linux-arm64-musl": 13.4.2
            "@next/swc-linux-x64-gnu": 13.4.2
            "@next/swc-linux-x64-musl": 13.4.2
            "@next/swc-win32-arm64-msvc": 13.4.2
            "@next/swc-win32-ia32-msvc": 13.4.2
            "@next/swc-win32-x64-msvc": 13.4.2
        transitivePeerDependencies:
            - "@babel/core"
            - babel-plugin-macros
        dev: false

    /picocolors@1.0.0:
        resolution:
            {
                integrity: sha512-1fygroTLlHu66zi26VoTDv8yRgm0Fccecssto+MhsZ0D/DGW2sm8E8AjW7NU5VVTRt5GxbeZ5qBuJr+HyLYkjQ==,
            }
        dev: false

    /postcss@8.4.14:
        resolution:
            {
                integrity: sha512-E398TUmfAYFPBSdzgeieK2Y1+1cpdxJx8yXbK/m57nRhKSmk1GB2tO4lbLBtlkfPQTDKfe4Xqv1ASWPpayPEig==,
            }
        engines: { node: ^10 || ^12 || >=14 }
        dependencies:
            nanoid: 3.3.6
            picocolors: 1.0.0
            source-map-js: 1.0.2
        dev: false

    /punycode@2.3.0:
        resolution:
            {
                integrity: sha512-rRV+zQD8tVFys26lAGR9WUuS4iUAngJScM+ZRSKtvl5tKeZ2t5bvdNFdNHBW9FWR4guGHlgmsZ1G7BSm2wTbuA==,
            }
        engines: { node: ">=6" }
        dev: false

    /react-dom@18.2.0(react@18.2.0):
        resolution:
            {
                integrity: sha512-6IMTriUmvsjHUjNtEDudZfuDQUoWXVxKHhlEGSk81n4YFS+r/Kl99wXiwlVXtPBtJenozv2P+hxDsw9eA7Xo6g==,
            }
        peerDependencies:
            react: ^18.2.0
        dependencies:
            loose-envify: 1.4.0
            react: 18.2.0
            scheduler: 0.23.0
        dev: false

    /react-is@16.13.1:
        resolution:
            {
                integrity: sha512-24e6ynE2H+OKt4kqsOvNd8kBpV65zoxbA4BVsEOB3ARVWQki/DHzaUoC5KuON/BiccDaCCTZBuOcfZs70kR8bQ==,
            }
        dev: false

    /react-is@18.2.0:
        resolution:
            {
                integrity: sha512-xWGDIW6x921xtzPkhiULtthJHoJvBbF3q26fzloPCK0hsvxtPVelvftw3zjbHWSkR2km9Z+4uxbDDK/6Zw9B8w==,
            }
        dev: false

    /react-redux@8.0.5(@types/react-dom@18.2.4)(@types/react@18.2.6)(react-dom@18.2.0)(react@18.2.0)(redux@4.2.1):
        resolution:
            {
                integrity: sha512-Q2f6fCKxPFpkXt1qNRZdEDLlScsDWyrgSj0mliK59qU6W5gvBiKkdMEG2lJzhd1rCctf0hb6EtePPLZ2e0m1uw==,
            }
        peerDependencies:
            "@types/react": ^16.8 || ^17.0 || ^18.0
            "@types/react-dom": ^16.8 || ^17.0 || ^18.0
            react: ^16.8 || ^17.0 || ^18.0
            react-dom: ^16.8 || ^17.0 || ^18.0
            react-native: ">=0.59"
            redux: ^4
        peerDependenciesMeta:
            "@types/react":
                optional: true
            "@types/react-dom":
                optional: true
            react-dom:
                optional: true
            react-native:
                optional: true
            redux:
                optional: true
        dependencies:
            "@babel/runtime": 7.21.5
            "@types/hoist-non-react-statics": 3.3.1
            "@types/react": 18.2.6
            "@types/react-dom": 18.2.4
            "@types/use-sync-external-store": 0.0.3
            hoist-non-react-statics: 3.3.2
            react: 18.2.0
            react-dom: 18.2.0(react@18.2.0)
            react-is: 18.2.0
            redux: 4.2.1
            use-sync-external-store: 1.2.0(react@18.2.0)
        dev: false

    /react@18.2.0:
        resolution:
            {
                integrity: sha512-/3IjMdb2L9QbBdWiW5e3P2/npwMBaU9mHCSCUzNln0ZCYbcfTsGbTJrU/kGemdH2IWmB2ioZ+zkxtmq6g09fGQ==,
            }
        engines: { node: ">=0.10.0" }
        dependencies:
            loose-envify: 1.4.0
        dev: false

    /redux-thunk@2.4.2(redux@4.2.1):
        resolution:
            {
                integrity: sha512-+P3TjtnP0k/FEjcBL5FZpoovtvrTNT/UXd4/sluaSyrURlSlhLSzEdfsTBW7WsKB6yPvgd7q/iZPICFjW4o57Q==,
            }
        peerDependencies:
            redux: ^4
        dependencies:
            redux: 4.2.1
        dev: false

    /redux@4.2.1:
        resolution:
            {
                integrity: sha512-LAUYz4lc+Do8/g7aeRa8JkyDErK6ekstQaqWQrNRW//MY1TvCEpMtpTWvlQ+FPbWCx+Xixu/6SHt5N0HR+SB4w==,
            }
        dependencies:
            "@babel/runtime": 7.21.5
        dev: false

    /regenerator-runtime@0.13.11:
        resolution:
            {
                integrity: sha512-kY1AZVr2Ra+t+piVaJ4gxaFaReZVH40AKNo7UCX6W+dEwBo/2oZJzqfuN1qLq1oL45o56cPaTXELwrTh8Fpggg==,
            }
        dev: false

    /reselect@4.1.8:
        resolution:
            {
                integrity: sha512-ab9EmR80F/zQTMNeneUr4cv+jSwPJgIlvEmVwLerwrWVbpLlBuls9XHzIeTFy4cegU2NHBp3va0LKOzU5qFEYQ==,
            }
        dev: false

    /saslprep@1.0.3:
        resolution:
            {
                integrity: sha512-/MY/PEMbk2SuY5sScONwhUDsV2p77Znkb/q3nSVstq/yQzYJOH/Azh29p9oJLsl3LnQwSvZDKagDGBsBwSooag==,
            }
        engines: { node: ">=6" }
        requiresBuild: true
        dependencies:
            sparse-bitfield: 3.0.3
        dev: false
        optional: true

    /scheduler@0.23.0:
        resolution:
            {
                integrity: sha512-CtuThmgHNg7zIZWAXi3AsyIzA3n4xx7aNyjwC2VJldO2LMVDhFK+63xGqq6CsJH4rTAt6/M+N4GhZiDYPx9eUw==,
            }
        dependencies:
            loose-envify: 1.4.0
        dev: false

    /sift@16.0.1:
        resolution:
            {
                integrity: sha512-Wv6BjQ5zbhW7VFefWusVP33T/EM0vYikCaQ2qR8yULbsilAT8/wQaXvuQ3ptGLpoKx+lihJE3y2UTgKDyyNHZQ==,
            }
        dev: false

    /smart-buffer@4.2.0:
        resolution:
            {
                integrity: sha512-94hK0Hh8rPqQl2xXc3HsaBoOXKV20MToPkcXvwbISWLEs+64sBq5kFgn2kJDHb1Pry9yrP0dxrCI9RRci7RXKg==,
            }
        engines: { node: ">= 6.0.0", npm: ">= 3.0.0" }
        dev: false

    /socks@2.7.1:
        resolution:
            {
                integrity: sha512-7maUZy1N7uo6+WVEX6psASxtNlKaNVMlGQKkG/63nEDdLOWNbiUMoLK7X4uYoLhQstau72mLgfEWcXcwsaHbYQ==,
            }
        engines: { node: ">= 10.13.0", npm: ">= 3.0.0" }
        dependencies:
            ip: 2.0.0
            smart-buffer: 4.2.0
        dev: false

    /source-map-js@1.0.2:
        resolution:
            {
                integrity: sha512-R0XvVJ9WusLiqTCEiGCmICCMplcCkIwwR11mOSD9CR5u+IXYdiseeEuXCVAjS54zqwkLcPNnmU4OeJ6tUrWhDw==,
            }
        engines: { node: ">=0.10.0" }
        dev: false

    /sparse-bitfield@3.0.3:
        resolution:
            {
                integrity: sha512-kvzhi7vqKTfkh0PZU+2D2PIllw2ymqJKujUcyPMd9Y75Nv4nPbGJZXNhxsgdQab2BmlDct1YnfQCguEvHr7VsQ==,
            }
        dependencies:
            memory-pager: 1.5.0
        dev: false
        optional: true

    /streamsearch@1.1.0:
        resolution:
            {
                integrity: sha512-Mcc5wHehp9aXz1ax6bZUyY5afg9u2rv5cqQI3mRrYkGC8rW2hM02jWuwjtL++LS5qinSyhj2QfLyNsuc+VsExg==,
            }
        engines: { node: ">=10.0.0" }
        dev: false

    /styled-jsx@5.1.1(react@18.2.0):
        resolution:
            {
                integrity: sha512-pW7uC1l4mBZ8ugbiZrcIsiIvVx1UmTfw7UkC3Um2tmfUq9Bhk8IiyEIPl6F8agHgjzku6j0xQEZbfA5uSgSaCw==,
            }
        engines: { node: ">= 12.0.0" }
        peerDependencies:
            "@babel/core": "*"
            babel-plugin-macros: "*"
            react: ">= 16.8.0 || 17.x.x || ^18.0.0-0"
        peerDependenciesMeta:
            "@babel/core":
                optional: true
            babel-plugin-macros:
                optional: true
        dependencies:
            client-only: 0.0.1
            react: 18.2.0
        dev: false

    /tr46@3.0.0:
        resolution:
            {
                integrity: sha512-l7FvfAHlcmulp8kr+flpQZmVwtu7nfRV7NZujtN0OqES8EL4O4e0qqzL0DC5gAvx/ZC/9lk6rhcUwYvkBnBnYA==,
            }
        engines: { node: ">=12" }
        dependencies:
            punycode: 2.3.0
        dev: false

    /tslib@2.4.0:
        resolution:
            {
                integrity: sha512-d6xOpEDfsi2CZVlPQzGeux8XMwLT9hssAsaPYExaQMuYskwb+x1x7J371tWlbBdWHroy99KnVB6qIkUbs5X3UQ==,
            }
        dev: false

    /tslib@2.5.0:
        resolution:
            {
                integrity: sha512-336iVw3rtn2BUK7ORdIAHTyxHGRIHVReokCR3XjbckJMK7ms8FysBfhLR8IXnAgy7T0PTPNBWKiH514FOW/WSg==,
            }
        dev: false

    /typescript@5.0.4:
        resolution:
            {
                integrity: sha512-cW9T5W9xY37cc+jfEnaUvX91foxtHkza3Nw3wkoF4sSlKn0MONdkdEndig/qPBWXNkmplh3NzayQzCiHM4/hqw==,
            }
        engines: { node: ">=12.20" }
        hasBin: true
        dev: false

    /use-sync-external-store@1.2.0(react@18.2.0):
        resolution:
            {
                integrity: sha512-eEgnFxGQ1Ife9bzYs6VLi8/4X6CObHMw9Qr9tPY43iKwsPw8xE8+EFsf/2cFZ5S3esXgpWgtSCtLNS41F+sKPA==,
            }
        peerDependencies:
            react: ^16.8.0 || ^17.0.0 || ^18.0.0
        dependencies:
            react: 18.2.0
        dev: false

    /webidl-conversions@7.0.0:
        resolution:
            {
                integrity: sha512-VwddBukDzu71offAQR975unBIGqfKZpM+8ZX6ySk8nYhVoo5CYaZyzt3YBvYtRtO+aoGlqxPg/B87NGVZ/fu6g==,
            }
        engines: { node: ">=12" }
        dev: false

    /whatwg-url@11.0.0:
        resolution:
            {
                integrity: sha512-RKT8HExMpoYx4igMiVMY83lN6UeITKJlBQ+vR/8ZJ8OCdSiN3RwCq+9gH0+Xzj0+5IrM6i4j/6LuvzbZIQgEcQ==,
            }
        engines: { node: ">=12" }
        dependencies:
            tr46: 3.0.0
            webidl-conversions: 7.0.0
        dev: false

    /ws@8.5.0:
        resolution:
            {
                integrity: sha512-BWX0SWVgLPzYwF8lTzEy1egjhS4S4OEAHfsO8o65WOVsrnSRGaSiUaa9e0ggGlkMTtBlmOpEXiie9RUcBO86qg==,
            }
        engines: { node: ">=10.0.0" }
        peerDependencies:
            bufferutil: ^4.0.1
            utf-8-validate: ^5.0.2
        peerDependenciesMeta:
            bufferutil:
                optional: true
            utf-8-validate:
                optional: true
        dev: false

    /zod@3.21.4:
        resolution:
            {
                integrity: sha512-m46AKbrzKVzOzs/DZgVnG5H55N1sv1M8qZU3A8RIKbs3mrACDNeIOeilDymVb2HdmP8uwshOCF4uJ8uM9rCqJw==,
            }
        dev: false
